// !$*UTF8*$!
{
	archiveVersion = 1;
	classes = {
	};
	objectVersion = 46;
	objects = {

/* Begin PBXBuildFile section */
		81134C4415540B2900785866 /* PreferencesModel.m in Sources */ = {isa = PBXBuildFile; fileRef = 81134C4315540B2900785866 /* PreferencesModel.m */; };
		814FAD891570ED0D008D3223 /* PreferencesWindowController.m in Sources */ = {isa = PBXBuildFile; fileRef = 814FAD881570ED0D008D3223 /* PreferencesWindowController.m */; };
		8159C790154F1205001E43D4 /* DropRomView.m in Sources */ = {isa = PBXBuildFile; fileRef = 8159C78F154F1205001E43D4 /* DropRomView.m */; };
		8159C798154F2E29001E43D4 /* DropDiskView.m in Sources */ = {isa = PBXBuildFile; fileRef = 8159C797154F2E29001E43D4 /* DropDiskView.m */; };
		815F4F68156EC324001712CB /* PreferencesWindow.xib in Resources */ = {isa = PBXBuildFile; fileRef = 815F4F67156EC324001712CB /* PreferencesWindow.xib */; };
		8160BB0915502F74005F6DBF /* DriveIconValueTransformer.m in Sources */ = {isa = PBXBuildFile; fileRef = 8160BB0815502F74005F6DBF /* DriveIconValueTransformer.m */; };
		8160BB0D15503053005F6DBF /* RomIconValueTransformer.m in Sources */ = {isa = PBXBuildFile; fileRef = 8160BB0C15503052005F6DBF /* RomIconValueTransformer.m */; };
		816154B8158131E500CB9188 /* Medusa.xcdatamodeld in Sources */ = {isa = PBXBuildFile; fileRef = 816154B6158131E500CB9188 /* Medusa.xcdatamodeld */; };
		81638DF81572DCC800CBDCA6 /* SplashWindow.xib in Resources */ = {isa = PBXBuildFile; fileRef = 81638DF71572DCC800CBDCA6 /* SplashWindow.xib */; };
		81638DFC1572DF7800CBDCA6 /* SplashWindowController.m in Sources */ = {isa = PBXBuildFile; fileRef = 81638DFB1572DF7800CBDCA6 /* SplashWindowController.m */; };
		816BAF8A153863E400B68091 /* IconValueTransformer.m in Sources */ = {isa = PBXBuildFile; fileRef = 816BAF89153863E300B68091 /* IconValueTransformer.m */; };
		81756F331534743500FCBA8E /* Cocoa.framework in Frameworks */ = {isa = PBXBuildFile; fileRef = 81756F321534743500FCBA8E /* Cocoa.framework */; };
		81756F3D1534743500FCBA8E /* InfoPlist.strings in Resources */ = {isa = PBXBuildFile; fileRef = 81756F3B1534743500FCBA8E /* InfoPlist.strings */; };
		81756F3F1534743500FCBA8E /* main.m in Sources */ = {isa = PBXBuildFile; fileRef = 81756F3E1534743500FCBA8E /* main.m */; };
		81756F431534743500FCBA8E /* Credits.rtf in Resources */ = {isa = PBXBuildFile; fileRef = 81756F411534743500FCBA8E /* Credits.rtf */; };
		81756F461534743500FCBA8E /* AppDelegate.m in Sources */ = {isa = PBXBuildFile; fileRef = 81756F451534743500FCBA8E /* AppDelegate.m */; };
		81756F491534743500FCBA8E /* MainMenu.xib in Resources */ = {isa = PBXBuildFile; fileRef = 81756F471534743500FCBA8E /* MainMenu.xib */; };
		81756F5C15347F2B00FCBA8E /* VirtualMachineWindowController.m in Sources */ = {isa = PBXBuildFile; fileRef = 81756F5B15347F2B00FCBA8E /* VirtualMachineWindowController.m */; };
		81756F60153483C400FCBA8E /* VirtualMachineWindow.xib in Resources */ = {isa = PBXBuildFile; fileRef = 81756F5F153483C400FCBA8E /* VirtualMachineWindow.xib */; };
		817CAF4415357FDE0038E9A0 /* FinderBlue.icns in Resources */ = {isa = PBXBuildFile; fileRef = 817CAF4215357FDE0038E9A0 /* FinderBlue.icns */; };
		817CAF4515357FDE0038E9A0 /* FinderGrey.icns in Resources */ = {isa = PBXBuildFile; fileRef = 817CAF4315357FDE0038E9A0 /* FinderGrey.icns */; };
		817CAF4915357FEF0038E9A0 /* RomImageDocument.icns in Resources */ = {isa = PBXBuildFile; fileRef = 817CAF4615357FEF0038E9A0 /* RomImageDocument.icns */; };
		817CAF4A15357FEF0038E9A0 /* Shared.icns in Resources */ = {isa = PBXBuildFile; fileRef = 817CAF4715357FEF0038E9A0 /* Shared.icns */; };
		817CAF4B15357FEF0038E9A0 /* Unsupported.icns in Resources */ = {isa = PBXBuildFile; fileRef = 817CAF4815357FEF0038E9A0 /* Unsupported.icns */; };
		817CAF4E15357FFB0038E9A0 /* Drive.icns in Resources */ = {isa = PBXBuildFile; fileRef = 817CAF4C15357FFB0038E9A0 /* Drive.icns */; };
		817CAF4F15357FFB0038E9A0 /* GenericQuestionMarkIcon.icns in Resources */ = {isa = PBXBuildFile; fileRef = 817CAF4D15357FFB0038E9A0 /* GenericQuestionMarkIcon.icns */; };
		817CAF52153580030038E9A0 /* Configuration.icns in Resources */ = {isa = PBXBuildFile; fileRef = 817CAF50153580030038E9A0 /* Configuration.icns */; };
		817CAF53153580030038E9A0 /* Display.icns in Resources */ = {isa = PBXBuildFile; fileRef = 817CAF51153580030038E9A0 /* Display.icns */; };
		817CAF551535800A0038E9A0 /* RomFile.icns in Resources */ = {isa = PBXBuildFile; fileRef = 817CAF541535800A0038E9A0 /* RomFile.icns */; };
		817CAF57153580100038E9A0 /* MedusaIcon.icns in Resources */ = {isa = PBXBuildFile; fileRef = 817CAF56153580100038E9A0 /* MedusaIcon.icns */; };
		817CAF621535B5CB0038E9A0 /* TableLineInformationController.m in Sources */ = {isa = PBXBuildFile; fileRef = 817CAF611535B5CB0038E9A0 /* TableLineInformationController.m */; };
		818987D11538CFED00A32B6A /* Info.icns in Resources */ = {isa = PBXBuildFile; fileRef = 818987D01538CFED00A32B6A /* Info.icns */; };
		81C03CFE154EF2C100842906 /* DriveManagerWindow.xib in Resources */ = {isa = PBXBuildFile; fileRef = 81C03CFD154EF2C100842906 /* DriveManagerWindow.xib */; };
		81C03D02154EF46C00842906 /* DriveManagerWindowController.m in Sources */ = {isa = PBXBuildFile; fileRef = 81C03D01154EF46C00842906 /* DriveManagerWindowController.m */; };
		81C84433153E181900E94443 /* FileHandler.m in Sources */ = {isa = PBXBuildFile; fileRef = 81C84430153E181900E94443 /* FileHandler.m */; };
		81C84434153E181900E94443 /* FileObject.m in Sources */ = {isa = PBXBuildFile; fileRef = 81C84432153E181900E94443 /* FileObject.m */; };
		81C84438153E183700E94443 /* DropView.m in Sources */ = {isa = PBXBuildFile; fileRef = 81C84437153E183700E94443 /* DropView.m */; };
		81C8443B153E18CC00E94443 /* RomManagerWindow.xib in Resources */ = {isa = PBXBuildFile; fileRef = 81C8443A153E18CC00E94443 /* RomManagerWindow.xib */; };
		81C8443E153E191800E94443 /* RomManagerWindowController.m in Sources */ = {isa = PBXBuildFile; fileRef = 81C8443D153E191800E94443 /* RomManagerWindowController.m */; };
		81E84DED1565BE810002D4DA /* RelationshipVirtualMachinesDrivesModel.m in Sources */ = {isa = PBXBuildFile; fileRef = 81E84DEC1565BE810002D4DA /* RelationshipVirtualMachinesDrivesModel.m */; };
		81E84DF01565BE820002D4DA /* DrivesModel.m in Sources */ = {isa = PBXBuildFile; fileRef = 81E84DEF1565BE820002D4DA /* DrivesModel.m */; };
		81E84DF31565BE820002D4DA /* VirtualMachinesModel.m in Sources */ = {isa = PBXBuildFile; fileRef = 81E84DF21565BE820002D4DA /* VirtualMachinesModel.m */; };
		81E84DF61565BE820002D4DA /* SharesModel.m in Sources */ = {isa = PBXBuildFile; fileRef = 81E84DF51565BE820002D4DA /* SharesModel.m */; };
		81E84DF91565BE820002D4DA /* RomFilesModel.m in Sources */ = {isa = PBXBuildFile; fileRef = 81E84DF81565BE820002D4DA /* RomFilesModel.m */; };
/* End PBXBuildFile section */

/* Begin PBXFileReference section */
		81134C4315540B2900785866 /* PreferencesModel.m */ = {isa = PBXFileReference; fileEncoding = 4; lastKnownFileType = sourcecode.c.objc; name = PreferencesModel.m; path = Models/PreferencesModel.m; sourceTree = "<group>"; };
		814FAD871570ED0D008D3223 /* PreferencesWindowController.h */ = {isa = PBXFileReference; fileEncoding = 4; lastKnownFileType = sourcecode.c.h; name = PreferencesWindowController.h; path = WindowControllers/PreferencesWindowController.h; sourceTree = "<group>"; };
		814FAD881570ED0D008D3223 /* PreferencesWindowController.m */ = {isa = PBXFileReference; fileEncoding = 4; lastKnownFileType = sourcecode.c.objc; name = PreferencesWindowController.m; path = WindowControllers/PreferencesWindowController.m; sourceTree = "<group>"; };
		8159C78E154F1205001E43D4 /* DropRomView.h */ = {isa = PBXFileReference; fileEncoding = 4; lastKnownFileType = sourcecode.c.h; name = DropRomView.h; path = SubClasses/DropRomView.h; sourceTree = "<group>"; };
		8159C78F154F1205001E43D4 /* DropRomView.m */ = {isa = PBXFileReference; fileEncoding = 4; lastKnownFileType = sourcecode.c.objc; name = DropRomView.m; path = SubClasses/DropRomView.m; sourceTree = "<group>"; };
		8159C796154F2E28001E43D4 /* DropDiskView.h */ = {isa = PBXFileReference; fileEncoding = 4; lastKnownFileType = sourcecode.c.h; name = DropDiskView.h; path = SubClasses/DropDiskView.h; sourceTree = "<group>"; };
		8159C797154F2E29001E43D4 /* DropDiskView.m */ = {isa = PBXFileReference; fileEncoding = 4; lastKnownFileType = sourcecode.c.objc; name = DropDiskView.m; path = SubClasses/DropDiskView.m; sourceTree = "<group>"; };
		815F4F67156EC324001712CB /* PreferencesWindow.xib */ = {isa = PBXFileReference; fileEncoding = 4; lastKnownFileType = file.xib; name = PreferencesWindow.xib; path = Windows/PreferencesWindow.xib; sourceTree = "<group>"; };
		8160BB0715502F74005F6DBF /* DriveIconValueTransformer.h */ = {isa = PBXFileReference; fileEncoding = 4; lastKnownFileType = sourcecode.c.h; name = DriveIconValueTransformer.h; path = TransformerControllers/DriveIconValueTransformer.h; sourceTree = "<group>"; };
		8160BB0815502F74005F6DBF /* DriveIconValueTransformer.m */ = {isa = PBXFileReference; fileEncoding = 4; lastKnownFileType = sourcecode.c.objc; name = DriveIconValueTransformer.m; path = TransformerControllers/DriveIconValueTransformer.m; sourceTree = "<group>"; };
		8160BB0B15503052005F6DBF /* RomIconValueTransformer.h */ = {isa = PBXFileReference; fileEncoding = 4; lastKnownFileType = sourcecode.c.h; name = RomIconValueTransformer.h; path = TransformerControllers/RomIconValueTransformer.h; sourceTree = "<group>"; };
		8160BB0C15503052005F6DBF /* RomIconValueTransformer.m */ = {isa = PBXFileReference; fileEncoding = 4; lastKnownFileType = sourcecode.c.objc; name = RomIconValueTransformer.m; path = TransformerControllers/RomIconValueTransformer.m; sourceTree = "<group>"; };
		816154B7158131E500CB9188 /* Medusa 0b1.xcdatamodel */ = {isa = PBXFileReference; lastKnownFileType = wrapper.xcdatamodel; path = "Medusa 0b1.xcdatamodel"; sourceTree = "<group>"; };
		81638DF71572DCC800CBDCA6 /* SplashWindow.xib */ = {isa = PBXFileReference; fileEncoding = 4; lastKnownFileType = file.xib; name = SplashWindow.xib; path = Windows/SplashWindow.xib; sourceTree = "<group>"; };
		81638DFA1572DF7800CBDCA6 /* SplashWindowController.h */ = {isa = PBXFileReference; fileEncoding = 4; lastKnownFileType = sourcecode.c.h; name = SplashWindowController.h; path = WindowControllers/SplashWindowController.h; sourceTree = "<group>"; };
		81638DFB1572DF7800CBDCA6 /* SplashWindowController.m */ = {isa = PBXFileReference; fileEncoding = 4; lastKnownFileType = sourcecode.c.objc; name = SplashWindowController.m; path = WindowControllers/SplashWindowController.m; sourceTree = "<group>"; };
		816BAF88153863E300B68091 /* IconValueTransformer.h */ = {isa = PBXFileReference; fileEncoding = 4; lastKnownFileType = sourcecode.c.h; name = IconValueTransformer.h; path = TransformerControllers/IconValueTransformer.h; sourceTree = "<group>"; };
		816BAF89153863E300B68091 /* IconValueTransformer.m */ = {isa = PBXFileReference; fileEncoding = 4; lastKnownFileType = sourcecode.c.objc; name = IconValueTransformer.m; path = TransformerControllers/IconValueTransformer.m; sourceTree = "<group>"; };
		81756F2E1534743500FCBA8E /* Medusa.app */ = {isa = PBXFileReference; explicitFileType = wrapper.application; includeInIndex = 0; path = Medusa.app; sourceTree = BUILT_PRODUCTS_DIR; };
		81756F321534743500FCBA8E /* Cocoa.framework */ = {isa = PBXFileReference; lastKnownFileType = wrapper.framework; name = Cocoa.framework; path = System/Library/Frameworks/Cocoa.framework; sourceTree = SDKROOT; };
		81756F351534743500FCBA8E /* AppKit.framework */ = {isa = PBXFileReference; lastKnownFileType = wrapper.framework; name = AppKit.framework; path = System/Library/Frameworks/AppKit.framework; sourceTree = SDKROOT; };
		81756F361534743500FCBA8E /* CoreData.framework */ = {isa = PBXFileReference; lastKnownFileType = wrapper.framework; name = CoreData.framework; path = System/Library/Frameworks/CoreData.framework; sourceTree = SDKROOT; };
		81756F371534743500FCBA8E /* Foundation.framework */ = {isa = PBXFileReference; lastKnownFileType = wrapper.framework; name = Foundation.framework; path = System/Library/Frameworks/Foundation.framework; sourceTree = SDKROOT; };
		81756F3A1534743500FCBA8E /* Medusa-Info.plist */ = {isa = PBXFileReference; lastKnownFileType = text.plist.xml; path = "Medusa-Info.plist"; sourceTree = "<group>"; };
		81756F3C1534743500FCBA8E /* en */ = {isa = PBXFileReference; lastKnownFileType = text.plist.strings; name = en; path = en.lproj/InfoPlist.strings; sourceTree = "<group>"; };
		81756F3E1534743500FCBA8E /* main.m */ = {isa = PBXFileReference; lastKnownFileType = sourcecode.c.objc; path = main.m; sourceTree = "<group>"; };
		81756F401534743500FCBA8E /* Medusa-Prefix.pch */ = {isa = PBXFileReference; lastKnownFileType = sourcecode.c.h; path = "Medusa-Prefix.pch"; sourceTree = "<group>"; };
		81756F421534743500FCBA8E /* en */ = {isa = PBXFileReference; lastKnownFileType = text.rtf; name = en; path = en.lproj/Credits.rtf; sourceTree = "<group>"; };
		81756F441534743500FCBA8E /* AppDelegate.h */ = {isa = PBXFileReference; lastKnownFileType = sourcecode.c.h; path = AppDelegate.h; sourceTree = "<group>"; };
		81756F451534743500FCBA8E /* AppDelegate.m */ = {isa = PBXFileReference; lastKnownFileType = sourcecode.c.objc; path = AppDelegate.m; sourceTree = "<group>"; };
		81756F481534743500FCBA8E /* en */ = {isa = PBXFileReference; lastKnownFileType = file.xib; name = en; path = en.lproj/MainMenu.xib; sourceTree = "<group>"; };
		81756F5A15347F2B00FCBA8E /* VirtualMachineWindowController.h */ = {isa = PBXFileReference; fileEncoding = 4; lastKnownFileType = sourcecode.c.h; name = VirtualMachineWindowController.h; path = WindowControllers/VirtualMachineWindowController.h; sourceTree = "<group>"; };
		81756F5B15347F2B00FCBA8E /* VirtualMachineWindowController.m */ = {isa = PBXFileReference; fileEncoding = 4; lastKnownFileType = sourcecode.c.objc; name = VirtualMachineWindowController.m; path = WindowControllers/VirtualMachineWindowController.m; sourceTree = "<group>"; };
		81756F5F153483C400FCBA8E /* VirtualMachineWindow.xib */ = {isa = PBXFileReference; fileEncoding = 4; lastKnownFileType = file.xib; name = VirtualMachineWindow.xib; path = Windows/VirtualMachineWindow.xib; sourceTree = "<group>"; };
		817CAF4215357FDE0038E9A0 /* FinderBlue.icns */ = {isa = PBXFileReference; lastKnownFileType = image.icns; name = FinderBlue.icns; path = Icons/FinderBlue.icns; sourceTree = "<group>"; };
		817CAF4315357FDE0038E9A0 /* FinderGrey.icns */ = {isa = PBXFileReference; lastKnownFileType = image.icns; name = FinderGrey.icns; path = Icons/FinderGrey.icns; sourceTree = "<group>"; };
		817CAF4615357FEF0038E9A0 /* RomImageDocument.icns */ = {isa = PBXFileReference; lastKnownFileType = image.icns; name = RomImageDocument.icns; path = Icons/RomImageDocument.icns; sourceTree = "<group>"; };
		817CAF4715357FEF0038E9A0 /* Shared.icns */ = {isa = PBXFileReference; lastKnownFileType = image.icns; name = Shared.icns; path = Icons/Shared.icns; sourceTree = "<group>"; };
		817CAF4815357FEF0038E9A0 /* Unsupported.icns */ = {isa = PBXFileReference; lastKnownFileType = image.icns; name = Unsupported.icns; path = Icons/Unsupported.icns; sourceTree = "<group>"; };
		817CAF4C15357FFB0038E9A0 /* Drive.icns */ = {isa = PBXFileReference; lastKnownFileType = image.icns; name = Drive.icns; path = Icons/Drive.icns; sourceTree = "<group>"; };
		817CAF4D15357FFB0038E9A0 /* GenericQuestionMarkIcon.icns */ = {isa = PBXFileReference; lastKnownFileType = image.icns; name = GenericQuestionMarkIcon.icns; path = Icons/GenericQuestionMarkIcon.icns; sourceTree = "<group>"; };
		817CAF50153580030038E9A0 /* Configuration.icns */ = {isa = PBXFileReference; lastKnownFileType = image.icns; name = Configuration.icns; path = Icons/Configuration.icns; sourceTree = "<group>"; };
		817CAF51153580030038E9A0 /* Display.icns */ = {isa = PBXFileReference; lastKnownFileType = image.icns; name = Display.icns; path = Icons/Display.icns; sourceTree = "<group>"; };
		817CAF541535800A0038E9A0 /* RomFile.icns */ = {isa = PBXFileReference; lastKnownFileType = image.icns; name = RomFile.icns; path = Icons/RomFile.icns; sourceTree = "<group>"; };
		817CAF56153580100038E9A0 /* MedusaIcon.icns */ = {isa = PBXFileReference; lastKnownFileType = image.icns; path = MedusaIcon.icns; sourceTree = SOURCE_ROOT; };
		817CAF601535B5CB0038E9A0 /* TableLineInformationController.h */ = {isa = PBXFileReference; fileEncoding = 4; lastKnownFileType = sourcecode.c.h; name = TableLineInformationController.h; path = UtilitiesControllers/TableLineInformationController.h; sourceTree = "<group>"; };
		817CAF611535B5CB0038E9A0 /* TableLineInformationController.m */ = {isa = PBXFileReference; fileEncoding = 4; lastKnownFileType = sourcecode.c.objc; name = TableLineInformationController.m; path = UtilitiesControllers/TableLineInformationController.m; sourceTree = "<group>"; };
		818987D01538CFED00A32B6A /* Info.icns */ = {isa = PBXFileReference; lastKnownFileType = image.icns; name = Info.icns; path = Icons/Info.icns; sourceTree = "<group>"; };
		819ED68C15725214000C03B4 /* PreferencesModel.h */ = {isa = PBXFileReference; fileEncoding = 4; lastKnownFileType = sourcecode.c.h; name = PreferencesModel.h; path = Models/PreferencesModel.h; sourceTree = "<group>"; };
		81C03CFD154EF2C100842906 /* DriveManagerWindow.xib */ = {isa = PBXFileReference; fileEncoding = 4; lastKnownFileType = file.xib; name = DriveManagerWindow.xib; path = Windows/DriveManagerWindow.xib; sourceTree = "<group>"; };
		81C03D00154EF46C00842906 /* DriveManagerWindowController.h */ = {isa = PBXFileReference; fileEncoding = 4; lastKnownFileType = sourcecode.c.h; name = DriveManagerWindowController.h; path = WindowControllers/DriveManagerWindowController.h; sourceTree = "<group>"; };
		81C03D01154EF46C00842906 /* DriveManagerWindowController.m */ = {isa = PBXFileReference; fileEncoding = 4; lastKnownFileType = sourcecode.c.objc; name = DriveManagerWindowController.m; path = WindowControllers/DriveManagerWindowController.m; sourceTree = "<group>"; };
		81C8442F153E181900E94443 /* FileHandler.h */ = {isa = PBXFileReference; fileEncoding = 4; lastKnownFileType = sourcecode.c.h; name = FileHandler.h; path = Models/FileHandler.h; sourceTree = "<group>"; };
		81C84430153E181900E94443 /* FileHandler.m */ = {isa = PBXFileReference; fileEncoding = 4; lastKnownFileType = sourcecode.c.objc; name = FileHandler.m; path = Models/FileHandler.m; sourceTree = "<group>"; };
		81C84431153E181900E94443 /* FileObject.h */ = {isa = PBXFileReference; fileEncoding = 4; lastKnownFileType = sourcecode.c.h; name = FileObject.h; path = Models/FileObject.h; sourceTree = "<group>"; };
		81C84432153E181900E94443 /* FileObject.m */ = {isa = PBXFileReference; fileEncoding = 4; lastKnownFileType = sourcecode.c.objc; name = FileObject.m; path = Models/FileObject.m; sourceTree = "<group>"; };
		81C84436153E183700E94443 /* DropView.h */ = {isa = PBXFileReference; fileEncoding = 4; lastKnownFileType = sourcecode.c.h; name = DropView.h; path = SubClasses/DropView.h; sourceTree = "<group>"; };
		81C84437153E183700E94443 /* DropView.m */ = {isa = PBXFileReference; fileEncoding = 4; lastKnownFileType = sourcecode.c.objc; name = DropView.m; path = SubClasses/DropView.m; sourceTree = "<group>"; };
		81C8443A153E18CC00E94443 /* RomManagerWindow.xib */ = {isa = PBXFileReference; fileEncoding = 4; lastKnownFileType = file.xib; name = RomManagerWindow.xib; path = Windows/RomManagerWindow.xib; sourceTree = "<group>"; };
		81C8443C153E191800E94443 /* RomManagerWindowController.h */ = {isa = PBXFileReference; fileEncoding = 4; lastKnownFileType = sourcecode.c.h; name = RomManagerWindowController.h; path = WindowControllers/RomManagerWindowController.h; sourceTree = "<group>"; };
		81C8443D153E191800E94443 /* RomManagerWindowController.m */ = {isa = PBXFileReference; fileEncoding = 4; lastKnownFileType = sourcecode.c.objc; name = RomManagerWindowController.m; path = WindowControllers/RomManagerWindowController.m; sourceTree = "<group>"; };
		81E84DEB1565BE810002D4DA /* RelationshipVirtualMachinesDrivesModel.h */ = {isa = PBXFileReference; fileEncoding = 4; lastKnownFileType = sourcecode.c.h; name = RelationshipVirtualMachinesDrivesModel.h; path = Models/RelationshipVirtualMachinesDrivesModel.h; sourceTree = "<group>"; };
		81E84DEC1565BE810002D4DA /* RelationshipVirtualMachinesDrivesModel.m */ = {isa = PBXFileReference; fileEncoding = 4; lastKnownFileType = sourcecode.c.objc; name = RelationshipVirtualMachinesDrivesModel.m; path = Models/RelationshipVirtualMachinesDrivesModel.m; sourceTree = "<group>"; };
		81E84DEE1565BE820002D4DA /* DrivesModel.h */ = {isa = PBXFileReference; fileEncoding = 4; lastKnownFileType = sourcecode.c.h; name = DrivesModel.h; path = Models/DrivesModel.h; sourceTree = "<group>"; };
		81E84DEF1565BE820002D4DA /* DrivesModel.m */ = {isa = PBXFileReference; fileEncoding = 4; lastKnownFileType = sourcecode.c.objc; name = DrivesModel.m; path = Models/DrivesModel.m; sourceTree = "<group>"; };
		81E84DF11565BE820002D4DA /* VirtualMachinesModel.h */ = {isa = PBXFileReference; fileEncoding = 4; lastKnownFileType = sourcecode.c.h; name = VirtualMachinesModel.h; path = Models/VirtualMachinesModel.h; sourceTree = "<group>"; };
		81E84DF21565BE820002D4DA /* VirtualMachinesModel.m */ = {isa = PBXFileReference; fileEncoding = 4; lastKnownFileType = sourcecode.c.objc; name = VirtualMachinesModel.m; path = Models/VirtualMachinesModel.m; sourceTree = "<group>"; };
		81E84DF41565BE820002D4DA /* SharesModel.h */ = {isa = PBXFileReference; fileEncoding = 4; lastKnownFileType = sourcecode.c.h; name = SharesModel.h; path = Models/SharesModel.h; sourceTree = "<group>"; };
		81E84DF51565BE820002D4DA /* SharesModel.m */ = {isa = PBXFileReference; fileEncoding = 4; lastKnownFileType = sourcecode.c.objc; name = SharesModel.m; path = Models/SharesModel.m; sourceTree = "<group>"; };
		81E84DF71565BE820002D4DA /* RomFilesModel.h */ = {isa = PBXFileReference; fileEncoding = 4; lastKnownFileType = sourcecode.c.h; name = RomFilesModel.h; path = Models/RomFilesModel.h; sourceTree = "<group>"; };
		81E84DF81565BE820002D4DA /* RomFilesModel.m */ = {isa = PBXFileReference; fileEncoding = 4; lastKnownFileType = sourcecode.c.objc; name = RomFilesModel.m; path = Models/RomFilesModel.m; sourceTree = "<group>"; };
/* End PBXFileReference section */

/* Begin PBXFrameworksBuildPhase section */
		81756F2B1534743500FCBA8E /* Frameworks */ = {
			isa = PBXFrameworksBuildPhase;
			buildActionMask = 2147483647;
			files = (
				81756F331534743500FCBA8E /* Cocoa.framework in Frameworks */,
			);
			runOnlyForDeploymentPostprocessing = 0;
		};
/* End PBXFrameworksBuildPhase section */

/* Begin PBXGroup section */
		810E38451554414300949BE1 /* DataModels */ = {
			isa = PBXGroup;
			children = (
				816154B6158131E500CB9188 /* Medusa.xcdatamodeld */,
			);
			path = DataModels;
			sourceTree = "<group>";
		};
		815FEEF61536279000B9E5C5 /* WindowControllers */ = {
			isa = PBXGroup;
			children = (
				81756F5A15347F2B00FCBA8E /* VirtualMachineWindowController.h */,
				81756F5B15347F2B00FCBA8E /* VirtualMachineWindowController.m */,
				81C8443C153E191800E94443 /* RomManagerWindowController.h */,
				81C8443D153E191800E94443 /* RomManagerWindowController.m */,
				81C03D00154EF46C00842906 /* DriveManagerWindowController.h */,
				81C03D01154EF46C00842906 /* DriveManagerWindowController.m */,
				814FAD871570ED0D008D3223 /* PreferencesWindowController.h */,
				814FAD881570ED0D008D3223 /* PreferencesWindowController.m */,
				81638DFA1572DF7800CBDCA6 /* SplashWindowController.h */,
				81638DFB1572DF7800CBDCA6 /* SplashWindowController.m */,
			);
			name = WindowControllers;
			sourceTree = "<group>";
		};
		815FEEF8153627A100B9E5C5 /* HelpingControllers */ = {
			isa = PBXGroup;
			children = (
				817CAF601535B5CB0038E9A0 /* TableLineInformationController.h */,
				817CAF611535B5CB0038E9A0 /* TableLineInformationController.m */,
			);
			name = HelpingControllers;
			sourceTree = "<group>";
		};
		816BAF8C153863ED00B68091 /* Transformers */ = {
			isa = PBXGroup;
			children = (
				816BAF88153863E300B68091 /* IconValueTransformer.h */,
				816BAF89153863E300B68091 /* IconValueTransformer.m */,
				8160BB0B15503052005F6DBF /* RomIconValueTransformer.h */,
				8160BB0C15503052005F6DBF /* RomIconValueTransformer.m */,
				8160BB0715502F74005F6DBF /* DriveIconValueTransformer.h */,
				8160BB0815502F74005F6DBF /* DriveIconValueTransformer.m */,
			);
			name = Transformers;
			sourceTree = "<group>";
		};
		81756F231534743400FCBA8E = {
			isa = PBXGroup;
			children = (
				81756F381534743500FCBA8E /* Medusa */,
				81756F311534743500FCBA8E /* Frameworks */,
				81756F2F1534743500FCBA8E /* Products */,
			);
			sourceTree = "<group>";
		};
		81756F2F1534743500FCBA8E /* Products */ = {
			isa = PBXGroup;
			children = (
				81756F2E1534743500FCBA8E /* Medusa.app */,
			);
			name = Products;
			sourceTree = "<group>";
		};
		81756F311534743500FCBA8E /* Frameworks */ = {
			isa = PBXGroup;
			children = (
				81756F321534743500FCBA8E /* Cocoa.framework */,
				81756F341534743500FCBA8E /* Other Frameworks */,
			);
			name = Frameworks;
			sourceTree = "<group>";
		};
		81756F341534743500FCBA8E /* Other Frameworks */ = {
			isa = PBXGroup;
			children = (
				81756F351534743500FCBA8E /* AppKit.framework */,
				81756F361534743500FCBA8E /* CoreData.framework */,
				81756F371534743500FCBA8E /* Foundation.framework */,
			);
			name = "Other Frameworks";
			sourceTree = "<group>";
		};
		81756F381534743500FCBA8E /* Medusa */ = {
			isa = PBXGroup;
			children = (
				810E38451554414300949BE1 /* DataModels */,
				818987D31538D41900A32B6A /* Models */,
				81756F5D15347F3300FCBA8E /* Controllers */,
				81756F5E15347F4A00FCBA8E /* Views */,
				81756F391534743500FCBA8E /* Supporting Files */,
			);
			path = Medusa;
			sourceTree = "<group>";
		};
		81756F391534743500FCBA8E /* Supporting Files */ = {
			isa = PBXGroup;
			children = (
				817CAF4015357EF90038E9A0 /* Icons */,
				81756F3A1534743500FCBA8E /* Medusa-Info.plist */,
				81756F3B1534743500FCBA8E /* InfoPlist.strings */,
				81756F3E1534743500FCBA8E /* main.m */,
				81756F401534743500FCBA8E /* Medusa-Prefix.pch */,
				81756F411534743500FCBA8E /* Credits.rtf */,
			);
			name = "Supporting Files";
			sourceTree = "<group>";
		};
		81756F5D15347F3300FCBA8E /* Controllers */ = {
			isa = PBXGroup;
			children = (
				81756F441534743500FCBA8E /* AppDelegate.h */,
				81756F451534743500FCBA8E /* AppDelegate.m */,
				815FEEF61536279000B9E5C5 /* WindowControllers */,
				81C84439153E184E00E94443 /* SubClasses */,
				815FEEF8153627A100B9E5C5 /* HelpingControllers */,
				816BAF8C153863ED00B68091 /* Transformers */,
			);
			name = Controllers;
			sourceTree = "<group>";
		};
		81756F5E15347F4A00FCBA8E /* Views */ = {
			isa = PBXGroup;
			children = (
				81756F471534743500FCBA8E /* MainMenu.xib */,
				81756F5F153483C400FCBA8E /* VirtualMachineWindow.xib */,
				81C8443A153E18CC00E94443 /* RomManagerWindow.xib */,
				81C03CFD154EF2C100842906 /* DriveManagerWindow.xib */,
				815F4F67156EC324001712CB /* PreferencesWindow.xib */,
				81638DF71572DCC800CBDCA6 /* SplashWindow.xib */,
			);
			name = Views;
			sourceTree = "<group>";
		};
		817CAF4015357EF90038E9A0 /* Icons */ = {
			isa = PBXGroup;
			children = (
				818987D01538CFED00A32B6A /* Info.icns */,
				817CAF56153580100038E9A0 /* MedusaIcon.icns */,
				817CAF50153580030038E9A0 /* Configuration.icns */,
				817CAF541535800A0038E9A0 /* RomFile.icns */,
				817CAF51153580030038E9A0 /* Display.icns */,
				817CAF4C15357FFB0038E9A0 /* Drive.icns */,
				817CAF4D15357FFB0038E9A0 /* GenericQuestionMarkIcon.icns */,
				817CAF4615357FEF0038E9A0 /* RomImageDocument.icns */,
				817CAF4715357FEF0038E9A0 /* Shared.icns */,
				817CAF4815357FEF0038E9A0 /* Unsupported.icns */,
				817CAF4215357FDE0038E9A0 /* FinderBlue.icns */,
				817CAF4315357FDE0038E9A0 /* FinderGrey.icns */,
			);
			name = Icons;
			sourceTree = "<group>";
		};
		818987D31538D41900A32B6A /* Models */ = {
			isa = PBXGroup;
			children = (
				81E84DFA1565BEB10002D4DA /* FileModels */,
				81E84DEA1565B1EF0002D4DA /* CoreDataEntityModels */,
			);
			name = Models;
			sourceTree = "<group>";
		};
		81C84439153E184E00E94443 /* SubClasses */ = {
			isa = PBXGroup;
			children = (
				81C84436153E183700E94443 /* DropView.h */,
				81C84437153E183700E94443 /* DropView.m */,
				8159C78E154F1205001E43D4 /* DropRomView.h */,
				8159C78F154F1205001E43D4 /* DropRomView.m */,
				8159C796154F2E28001E43D4 /* DropDiskView.h */,
				8159C797154F2E29001E43D4 /* DropDiskView.m */,
			);
			name = SubClasses;
			sourceTree = "<group>";
		};
		81E84DEA1565B1EF0002D4DA /* CoreDataEntityModels */ = {
			isa = PBXGroup;
			children = (
				81E84DF71565BE820002D4DA /* RomFilesModel.h */,
				81E84DF81565BE820002D4DA /* RomFilesModel.m */,
				81E84DF41565BE820002D4DA /* SharesModel.h */,
				81E84DF51565BE820002D4DA /* SharesModel.m */,
				81E84DF11565BE820002D4DA /* VirtualMachinesModel.h */,
				81E84DF21565BE820002D4DA /* VirtualMachinesModel.m */,
				81E84DEE1565BE820002D4DA /* DrivesModel.h */,
				81E84DEF1565BE820002D4DA /* DrivesModel.m */,
				81E84DEB1565BE810002D4DA /* RelationshipVirtualMachinesDrivesModel.h */,
				81E84DEC1565BE810002D4DA /* RelationshipVirtualMachinesDrivesModel.m */,
			);
			name = CoreDataEntityModels;
			sourceTree = "<group>";
		};
		81E84DFA1565BEB10002D4DA /* FileModels */ = {
			isa = PBXGroup;
			children = (
				81C8442F153E181900E94443 /* FileHandler.h */,
				81C84430153E181900E94443 /* FileHandler.m */,
				81C84431153E181900E94443 /* FileObject.h */,
				81C84432153E181900E94443 /* FileObject.m */,
				819ED68C15725214000C03B4 /* PreferencesModel.h */,
				81134C4315540B2900785866 /* PreferencesModel.m */,
			);
			name = FileModels;
			sourceTree = "<group>";
		};
/* End PBXGroup section */

/* Begin PBXNativeTarget section */
		81756F2D1534743500FCBA8E /* Medusa */ = {
			isa = PBXNativeTarget;
			buildConfigurationList = 81756F4F1534743600FCBA8E /* Build configuration list for PBXNativeTarget "Medusa" */;
			buildPhases = (
				81756F2A1534743500FCBA8E /* Sources */,
				81756F2B1534743500FCBA8E /* Frameworks */,
				81756F2C1534743500FCBA8E /* Resources */,
			);
			buildRules = (
			);
			dependencies = (
			);
			name = Medusa;
			productName = Medusa;
			productReference = 81756F2E1534743500FCBA8E /* Medusa.app */;
			productType = "com.apple.product-type.application";
		};
/* End PBXNativeTarget section */

/* Begin PBXProject section */
		81756F251534743400FCBA8E /* Project object */ = {
			isa = PBXProject;
			attributes = {
				LastUpgradeCheck = 0420;
				ORGANIZATIONNAME = "Giancarlo Mariot";
			};
			buildConfigurationList = 81756F281534743400FCBA8E /* Build configuration list for PBXProject "Medusa" */;
			compatibilityVersion = "Xcode 3.2";
			developmentRegion = English;
			hasScannedForEncodings = 0;
			knownRegions = (
				en,
			);
			mainGroup = 81756F231534743400FCBA8E;
			productRefGroup = 81756F2F1534743500FCBA8E /* Products */;
			projectDirPath = "";
			projectRoot = "";
			targets = (
				81756F2D1534743500FCBA8E /* Medusa */,
			);
		};
/* End PBXProject section */

/* Begin PBXResourcesBuildPhase section */
		81756F2C1534743500FCBA8E /* Resources */ = {
			isa = PBXResourcesBuildPhase;
			buildActionMask = 2147483647;
			files = (
				81756F3D1534743500FCBA8E /* InfoPlist.strings in Resources */,
				81756F431534743500FCBA8E /* Credits.rtf in Resources */,
				81756F491534743500FCBA8E /* MainMenu.xib in Resources */,
				81756F60153483C400FCBA8E /* VirtualMachineWindow.xib in Resources */,
				817CAF4415357FDE0038E9A0 /* FinderBlue.icns in Resources */,
				817CAF4515357FDE0038E9A0 /* FinderGrey.icns in Resources */,
				817CAF4915357FEF0038E9A0 /* RomImageDocument.icns in Resources */,
				817CAF4A15357FEF0038E9A0 /* Shared.icns in Resources */,
				817CAF4B15357FEF0038E9A0 /* Unsupported.icns in Resources */,
				817CAF4E15357FFB0038E9A0 /* Drive.icns in Resources */,
				817CAF4F15357FFB0038E9A0 /* GenericQuestionMarkIcon.icns in Resources */,
				817CAF52153580030038E9A0 /* Configuration.icns in Resources */,
				817CAF53153580030038E9A0 /* Display.icns in Resources */,
				817CAF551535800A0038E9A0 /* RomFile.icns in Resources */,
				817CAF57153580100038E9A0 /* MedusaIcon.icns in Resources */,
				818987D11538CFED00A32B6A /* Info.icns in Resources */,
				81C8443B153E18CC00E94443 /* RomManagerWindow.xib in Resources */,
				81C03CFE154EF2C100842906 /* DriveManagerWindow.xib in Resources */,
				815F4F68156EC324001712CB /* PreferencesWindow.xib in Resources */,
				81638DF81572DCC800CBDCA6 /* SplashWindow.xib in Resources */,
			);
			runOnlyForDeploymentPostprocessing = 0;
		};
/* End PBXResourcesBuildPhase section */

/* Begin PBXSourcesBuildPhase section */
		81756F2A1534743500FCBA8E /* Sources */ = {
			isa = PBXSourcesBuildPhase;
			buildActionMask = 2147483647;
			files = (
				81756F3F1534743500FCBA8E /* main.m in Sources */,
				81756F461534743500FCBA8E /* AppDelegate.m in Sources */,
				81756F5C15347F2B00FCBA8E /* VirtualMachineWindowController.m in Sources */,
				817CAF621535B5CB0038E9A0 /* TableLineInformationController.m in Sources */,
				816BAF8A153863E400B68091 /* IconValueTransformer.m in Sources */,
				81C84433153E181900E94443 /* FileHandler.m in Sources */,
				81C84434153E181900E94443 /* FileObject.m in Sources */,
				81C84438153E183700E94443 /* DropView.m in Sources */,
				81C8443E153E191800E94443 /* RomManagerWindowController.m in Sources */,
				81C03D02154EF46C00842906 /* DriveManagerWindowController.m in Sources */,
				8159C790154F1205001E43D4 /* DropRomView.m in Sources */,
				8159C798154F2E29001E43D4 /* DropDiskView.m in Sources */,
				8160BB0915502F74005F6DBF /* DriveIconValueTransformer.m in Sources */,
				8160BB0D15503053005F6DBF /* RomIconValueTransformer.m in Sources */,
				81134C4415540B2900785866 /* PreferencesModel.m in Sources */,
				81E84DED1565BE810002D4DA /* RelationshipVirtualMachinesDrivesModel.m in Sources */,
				81E84DF01565BE820002D4DA /* DrivesModel.m in Sources */,
				81E84DF31565BE820002D4DA /* VirtualMachinesModel.m in Sources */,
				81E84DF61565BE820002D4DA /* SharesModel.m in Sources */,
				81E84DF91565BE820002D4DA /* RomFilesModel.m in Sources */,
				814FAD891570ED0D008D3223 /* PreferencesWindowController.m in Sources */,
				81638DFC1572DF7800CBDCA6 /* SplashWindowController.m in Sources */,
				816154B8158131E500CB9188 /* Medusa.xcdatamodeld in Sources */,
			);
			runOnlyForDeploymentPostprocessing = 0;
		};
/* End PBXSourcesBuildPhase section */

/* Begin PBXVariantGroup section */
		81756F3B1534743500FCBA8E /* InfoPlist.strings */ = {
			isa = PBXVariantGroup;
			children = (
				81756F3C1534743500FCBA8E /* en */,
			);
			name = InfoPlist.strings;
			sourceTree = "<group>";
		};
		81756F411534743500FCBA8E /* Credits.rtf */ = {
			isa = PBXVariantGroup;
			children = (
				81756F421534743500FCBA8E /* en */,
			);
			name = Credits.rtf;
			sourceTree = "<group>";
		};
		81756F471534743500FCBA8E /* MainMenu.xib */ = {
			isa = PBXVariantGroup;
			children = (
				81756F481534743500FCBA8E /* en */,
			);
			name = MainMenu.xib;
			sourceTree = "<group>";
		};
/* End PBXVariantGroup section */

/* Begin XCBuildConfiguration section */
		81756F4D1534743600FCBA8E /* Debug */ = {
			isa = XCBuildConfiguration;
			buildSettings = {
				ALWAYS_SEARCH_USER_PATHS = NO;
				ARCHS = "$(ARCHS_STANDARD_64_BIT)";
				COPY_PHASE_STRIP = NO;
				GCC_C_LANGUAGE_STANDARD = gnu99;
				GCC_DYNAMIC_NO_PIC = NO;
				GCC_ENABLE_OBJC_EXCEPTIONS = YES;
				GCC_OPTIMIZATION_LEVEL = 0;
				GCC_PREPROCESSOR_DEFINITIONS = (
					"DEBUG=1",
					"$(inherited)",
				);
				GCC_SYMBOLS_PRIVATE_EXTERN = NO;
				GCC_VERSION = com.apple.compilers.llvm.clang.1_0;
				GCC_WARN_64_TO_32_BIT_CONVERSION = YES;
				GCC_WARN_ABOUT_MISSING_PROTOTYPES = YES;
				GCC_WARN_ABOUT_RETURN_TYPE = YES;
				GCC_WARN_UNUSED_VARIABLE = YES;
				MACOSX_DEPLOYMENT_TARGET = 10.6;
				ONLY_ACTIVE_ARCH = YES;
				SDKROOT = macosx;
			};
			name = Debug;
		};
		81756F4E1534743600FCBA8E /* Release */ = {
			isa = XCBuildConfiguration;
			buildSettings = {
				ALWAYS_SEARCH_USER_PATHS = NO;
				ARCHS = "$(ARCHS_STANDARD_64_BIT)";
				COPY_PHASE_STRIP = YES;
				DEBUG_INFORMATION_FORMAT = "dwarf-with-dsym";
				GCC_C_LANGUAGE_STANDARD = gnu99;
				GCC_ENABLE_OBJC_EXCEPTIONS = YES;
				GCC_VERSION = com.apple.compilers.llvm.clang.1_0;
				GCC_WARN_64_TO_32_BIT_CONVERSION = YES;
				GCC_WARN_ABOUT_MISSING_PROTOTYPES = YES;
				GCC_WARN_ABOUT_RETURN_TYPE = YES;
				GCC_WARN_UNUSED_VARIABLE = YES;
				MACOSX_DEPLOYMENT_TARGET = 10.6;
				SDKROOT = macosx;
			};
			name = Release;
		};
		81756F501534743600FCBA8E /* Debug */ = {
			isa = XCBuildConfiguration;
			buildSettings = {
				ARCHS = "$(ARCHS_STANDARD_32_64_BIT)";
				GCC_PRECOMPILE_PREFIX_HEADER = YES;
				GCC_PREFIX_HEADER = "Medusa/Medusa-Prefix.pch";
				INFOPLIST_FILE = "Medusa/Medusa-Info.plist";
				PRODUCT_NAME = "$(TARGET_NAME)";
				WRAPPER_EXTENSION = app;
			};
			name = Debug;
		};
		81756F511534743600FCBA8E /* Release */ = {
			isa = XCBuildConfiguration;
			buildSettings = {
				ARCHS = "$(ARCHS_STANDARD_32_64_BIT)";
				GCC_PRECOMPILE_PREFIX_HEADER = YES;
				GCC_PREFIX_HEADER = "Medusa/Medusa-Prefix.pch";
				INFOPLIST_FILE = "Medusa/Medusa-Info.plist";
				PRODUCT_NAME = "$(TARGET_NAME)";
				WRAPPER_EXTENSION = app;
			};
			name = Release;
		};
/* End XCBuildConfiguration section */

/* Begin XCConfigurationList section */
		81756F281534743400FCBA8E /* Build configuration list for PBXProject "Medusa" */ = {
			isa = XCConfigurationList;
			buildConfigurations = (
				81756F4D1534743600FCBA8E /* Debug */,
				81756F4E1534743600FCBA8E /* Release */,
			);
			defaultConfigurationIsVisible = 0;
			defaultConfigurationName = Release;
		};
		81756F4F1534743600FCBA8E /* Build configuration list for PBXNativeTarget "Medusa" */ = {
			isa = XCConfigurationList;
			buildConfigurations = (
				81756F501534743600FCBA8E /* Debug */,
				81756F511534743600FCBA8E /* Release */,
			);
			defaultConfigurationIsVisible = 0;
			defaultConfigurationName = Release;
		};
/* End XCConfigurationList section */

/* Begin XCVersionGroup section */
		816154B6158131E500CB9188 /* Medusa.xcdatamodeld */ = {
			isa = XCVersionGroup;
			children = (
				816154B7158131E500CB9188 /* Medusa 0b1.xcdatamodel */,
			);
			path = Medusa.xcdatamodeld;
			sourceTree = "<group>";
			versionGroupType = wrapper.xcdatamodel;
		};
/* End XCVersionGroup section */
	};
	rootObject = 81756F251534743400FCBA8E /* Project object */;
}
